
Microsoft Visual Studio Solution File, Format Version 12.00
# Visual Studio Version 17
VisualStudioVersion = 17.3.32922.545
MinimumVisualStudioVersion = 10.0.40219.1
Project("{FAE04EC0-301F-11D3-BF4B-00C04F79EFBC}") = "CheckString", "CheckString\CheckString.csproj", "{E23566AB-7DD6-49B8-9FC4-8C6312082B1C}"
EndProject
Global
	GlobalSection(SolutionConfigurationPlatforms) = preSolution
		Debug|Any CPU = Debug|Any CPU
		Release|Any CPU = Release|Any CPU
	EndGlobalSection
	GlobalSection(ProjectConfigurationPlatforms) = postSolution
		{E23566AB-7DD6-49B8-9FC4-8C6312082B1C}.Debug|Any CPU.ActiveCfg = Debug|Any CPU
		{E23566AB-7DD6-49B8-9FC4-8C6312082B1C}.Debug|Any CPU.Build.0 = Debug|Any CPU
		{E23566AB-7DD6-49B8-9FC4-8C6312082B1C}.Release|Any CPU.ActiveCfg = Release|Any CPU
		{E23566AB-7DD6-49B8-9FC4-8C6312082B1C}.Release|Any CPU.Build.0 = Release|Any CPU
	EndGlobalSection
	GlobalSection(SolutionProperties) = preSolution
		HideSolutionNode = FALSE
	EndGlobalSection
	GlobalSection(ExtensibilityGlobals) = postSolution
		SolutionGuid = {619B29EC-1AB8-4812-9C99-F65BA46D1F86}
	EndGlobalSection
EndGlobal
